
Microsoft Visual Studio Solution File, Format Version 12.00
# Visual Studio 14
VisualStudioVersion = 14.0.23107.0
MinimumVisualStudioVersion = 10.0.40219.1
Project("{FAE04EC0-301F-11D3-BF4B-00C04F79EFBC}") = "ExampleEventLog", "ExampleEventLog\ExampleEventLog.csproj", "{01539B3A-8581-4966-A642-9C4619C71455}"
EndProject
Project("{FAE04EC0-301F-11D3-BF4B-00C04F79EFBC}") = "WindowsFormsApplication1", "WindowsFormsApplication1\WindowsFormsApplication1.csproj", "{FC17D1BC-12C5-4B89-9436-9845A29F502F}"
EndProject
Global
	GlobalSection(SolutionConfigurationPlatforms) = preSolution
		Debug|Any CPU = Debug|Any CPU
		Release|Any CPU = Release|Any CPU
	EndGlobalSection
	GlobalSection(ProjectConfigurationPlatforms) = postSolution
		{01539B3A-8581-4966-A642-9C4619C71455}.Debug|Any CPU.ActiveCfg = Debug|Any CPU
		{01539B3A-8581-4966-A642-9C4619C71455}.Debug|Any CPU.Build.0 = Debug|Any CPU
		{01539B3A-8581-4966-A642-9C4619C71455}.Release|Any CPU.ActiveCfg = Release|Any CPU
		{01539B3A-8581-4966-A642-9C4619C71455}.Release|Any CPU.Build.0 = Release|Any CPU
		{FC17D1BC-12C5-4B89-9436-9845A29F502F}.Debug|Any CPU.ActiveCfg = Debug|Any CPU
		{FC17D1BC-12C5-4B89-9436-9845A29F502F}.Debug|Any CPU.Build.0 = Debug|Any CPU
		{FC17D1BC-12C5-4B89-9436-9845A29F502F}.Release|Any CPU.ActiveCfg = Release|Any CPU
		{FC17D1BC-12C5-4B89-9436-9845A29F502F}.Release|Any CPU.Build.0 = Release|Any CPU
	EndGlobalSection
	GlobalSection(SolutionProperties) = preSolution
		HideSolutionNode = FALSE
	EndGlobalSection
EndGlobal
