
Microsoft Visual Studio Solution File, Format Version 12.00
# Visual Studio 14
VisualStudioVersion = 14.0.23107.0
MinimumVisualStudioVersion = 10.0.40219.1
Project("{FAE04EC0-301F-11D3-BF4B-00C04F79EFBC}") = "ProxyObject", "ProxyObject\ProxyObject.csproj", "{F820423D-357F-49BD-8889-1425ACFC62E7}"
EndProject
Project("{FAE04EC0-301F-11D3-BF4B-00C04F79EFBC}") = "TangClient", "TangClient\TangClient.csproj", "{81CB3FB2-A3B7-4C24-A9F7-A5AA4F99729E}"
EndProject
Project("{FAE04EC0-301F-11D3-BF4B-00C04F79EFBC}") = "TangServer", "TangServer\TangServer.csproj", "{31BA36C6-DBB6-41D5-B637-01EBCC2DE511}"
EndProject
Project("{FAE04EC0-301F-11D3-BF4B-00C04F79EFBC}") = "TangService", "TangService\TangService.csproj", "{A67B5DB0-50FF-4B60-981E-D3D09CD05C6D}"
EndProject
Project("{54435603-DBB4-11D2-8724-00A0C9A8B90C}") = "SetupPrime6606Service", "SetupPrime6606Service\SetupPrime6606Service.vdproj", "{FF5678B6-658C-4DE3-AC94-529EC5C03C47}"
EndProject
Global
	GlobalSection(SolutionConfigurationPlatforms) = preSolution
		Debug|Any CPU = Debug|Any CPU
		Release|Any CPU = Release|Any CPU
	EndGlobalSection
	GlobalSection(ProjectConfigurationPlatforms) = postSolution
		{F820423D-357F-49BD-8889-1425ACFC62E7}.Debug|Any CPU.ActiveCfg = Debug|Any CPU
		{F820423D-357F-49BD-8889-1425ACFC62E7}.Debug|Any CPU.Build.0 = Debug|Any CPU
		{F820423D-357F-49BD-8889-1425ACFC62E7}.Release|Any CPU.ActiveCfg = Release|Any CPU
		{F820423D-357F-49BD-8889-1425ACFC62E7}.Release|Any CPU.Build.0 = Release|Any CPU
		{81CB3FB2-A3B7-4C24-A9F7-A5AA4F99729E}.Debug|Any CPU.ActiveCfg = Debug|Any CPU
		{81CB3FB2-A3B7-4C24-A9F7-A5AA4F99729E}.Debug|Any CPU.Build.0 = Debug|Any CPU
		{81CB3FB2-A3B7-4C24-A9F7-A5AA4F99729E}.Release|Any CPU.ActiveCfg = Release|Any CPU
		{81CB3FB2-A3B7-4C24-A9F7-A5AA4F99729E}.Release|Any CPU.Build.0 = Release|Any CPU
		{31BA36C6-DBB6-41D5-B637-01EBCC2DE511}.Debug|Any CPU.ActiveCfg = Debug|Any CPU
		{31BA36C6-DBB6-41D5-B637-01EBCC2DE511}.Debug|Any CPU.Build.0 = Debug|Any CPU
		{31BA36C6-DBB6-41D5-B637-01EBCC2DE511}.Release|Any CPU.ActiveCfg = Release|Any CPU
		{31BA36C6-DBB6-41D5-B637-01EBCC2DE511}.Release|Any CPU.Build.0 = Release|Any CPU
		{A67B5DB0-50FF-4B60-981E-D3D09CD05C6D}.Debug|Any CPU.ActiveCfg = Debug|Any CPU
		{A67B5DB0-50FF-4B60-981E-D3D09CD05C6D}.Debug|Any CPU.Build.0 = Debug|Any CPU
		{A67B5DB0-50FF-4B60-981E-D3D09CD05C6D}.Release|Any CPU.ActiveCfg = Release|Any CPU
		{A67B5DB0-50FF-4B60-981E-D3D09CD05C6D}.Release|Any CPU.Build.0 = Release|Any CPU
		{FF5678B6-658C-4DE3-AC94-529EC5C03C47}.Debug|Any CPU.ActiveCfg = Debug
		{FF5678B6-658C-4DE3-AC94-529EC5C03C47}.Release|Any CPU.ActiveCfg = Release
	EndGlobalSection
	GlobalSection(SolutionProperties) = preSolution
		HideSolutionNode = FALSE
	EndGlobalSection
EndGlobal
